// !$*UTF8*$!
{
	archiveVersion = 1;
	classes = {
	};
	objectVersion = 56;
	objects = {

/* Begin PBXBuildFile section */
		891ECEAF2A71858900DE08EB /* FriendsRelation.swift in Sources */ = {isa = PBXBuildFile; fileRef = 891ECEAE2A71858900DE08EB /* FriendsRelation.swift */; };
		891ECEB12A7185A300DE08EB /* UserResult.swift in Sources */ = {isa = PBXBuildFile; fileRef = 891ECEB02A7185A300DE08EB /* UserResult.swift */; };
		891ECEB32A71864100DE08EB /* FollowingFollowerViewController.swift in Sources */ = {isa = PBXBuildFile; fileRef = 891ECEB22A71864100DE08EB /* FollowingFollowerViewController.swift */; };
		891ECEB62A71871E00DE08EB /* SegmentedButtonView.swift in Sources */ = {isa = PBXBuildFile; fileRef = 891ECEB52A71871E00DE08EB /* SegmentedButtonView.swift */; };
		891ECEB82A71877600DE08EB /* UserResultCollectionView.swift in Sources */ = {isa = PBXBuildFile; fileRef = 891ECEB72A71877600DE08EB /* UserResultCollectionView.swift */; };
		892E6F7D2A6D955C0062BE98 /* FollowersTabVC.swift in Sources */ = {isa = PBXBuildFile; fileRef = 892E6F7C2A6D955C0062BE98 /* FollowersTabVC.swift */; };
		892E6F7F2A6D95680062BE98 /* FollowingsTabVC.swift in Sources */ = {isa = PBXBuildFile; fileRef = 892E6F7E2A6D95680062BE98 /* FollowingsTabVC.swift */; };
		892E6F812A6D98270062BE98 /* TabVC.swift in Sources */ = {isa = PBXBuildFile; fileRef = 892E6F802A6D98270062BE98 /* TabVC.swift */; };
		8970CE4D2A65374200EF6B98 /* Model.swift in Sources */ = {isa = PBXBuildFile; fileRef = 8970CE4C2A65374200EF6B98 /* Model.swift */; };
		8970CE4F2A65442700EF6B98 /* CustomButtonView.swift in Sources */ = {isa = PBXBuildFile; fileRef = 8970CE4E2A65442700EF6B98 /* CustomButtonView.swift */; };
		8970CE512A656B7900EF6B98 /* Extensions.swift in Sources */ = {isa = PBXBuildFile; fileRef = 8970CE502A656B7900EF6B98 /* Extensions.swift */; };
		8970CE532A6580EF00EF6B98 /* UserAvatarView.swift in Sources */ = {isa = PBXBuildFile; fileRef = 8970CE522A6580EF00EF6B98 /* UserAvatarView.swift */; };
		8970CE562A65816C00EF6B98 /* UserNameView.swift in Sources */ = {isa = PBXBuildFile; fileRef = 8970CE552A65816C00EF6B98 /* UserNameView.swift */; };
		8970CE582A6664A700EF6B98 /* ButtonView.swift in Sources */ = {isa = PBXBuildFile; fileRef = 8970CE572A6664A700EF6B98 /* ButtonView.swift */; };
		89A9EACC2A6EE53A0039C020 /* MenuBar.swift in Sources */ = {isa = PBXBuildFile; fileRef = 89A9EACB2A6EE53A0039C020 /* MenuBar.swift */; };
		89A9EACE2A6EE6F10039C020 /* HomeVC.swift in Sources */ = {isa = PBXBuildFile; fileRef = 89A9EACD2A6EE6F10039C020 /* HomeVC.swift */; };
		89FD8DDC2A5B0B610005A045 /* AppDelegate.swift in Sources */ = {isa = PBXBuildFile; fileRef = 89FD8DDB2A5B0B610005A045 /* AppDelegate.swift */; };
		89FD8DDE2A5B0B610005A045 /* SceneDelegate.swift in Sources */ = {isa = PBXBuildFile; fileRef = 89FD8DDD2A5B0B610005A045 /* SceneDelegate.swift */; };
		89FD8DE52A5B0B620005A045 /* Assets.xcassets in Resources */ = {isa = PBXBuildFile; fileRef = 89FD8DE42A5B0B620005A045 /* Assets.xcassets */; };
		89FD8DE82A5B0B620005A045 /* LaunchScreen.storyboard in Resources */ = {isa = PBXBuildFile; fileRef = 89FD8DE62A5B0B620005A045 /* LaunchScreen.storyboard */; };
		89FD8DF02A5B0CF40005A045 /* CollectionViewController.swift in Sources */ = {isa = PBXBuildFile; fileRef = 89FD8DEF2A5B0CF40005A045 /* CollectionViewController.swift */; };
		89FD8DF22A5B192E0005A045 /* UIUserResultCollectionViewRow.swift in Sources */ = {isa = PBXBuildFile; fileRef = 89FD8DF12A5B192E0005A045 /* UIUserResultCollectionViewRow.swift */; };
/* End PBXBuildFile section */

/* Begin PBXFileReference section */
		891ECEAE2A71858900DE08EB /* FriendsRelation.swift */ = {isa = PBXFileReference; lastKnownFileType = sourcecode.swift; path = FriendsRelation.swift; sourceTree = "<group>"; };
		891ECEB02A7185A300DE08EB /* UserResult.swift */ = {isa = PBXFileReference; lastKnownFileType = sourcecode.swift; path = UserResult.swift; sourceTree = "<group>"; };
		891ECEB22A71864100DE08EB /* FollowingFollowerViewController.swift */ = {isa = PBXFileReference; lastKnownFileType = sourcecode.swift; path = FollowingFollowerViewController.swift; sourceTree = "<group>"; };
		891ECEB52A71871E00DE08EB /* SegmentedButtonView.swift */ = {isa = PBXFileReference; lastKnownFileType = sourcecode.swift; path = SegmentedButtonView.swift; sourceTree = "<group>"; };
		891ECEB72A71877600DE08EB /* UserResultCollectionView.swift */ = {isa = PBXFileReference; lastKnownFileType = sourcecode.swift; path = UserResultCollectionView.swift; sourceTree = "<group>"; };
		892E6F7C2A6D955C0062BE98 /* FollowersTabVC.swift */ = {isa = PBXFileReference; lastKnownFileType = sourcecode.swift; path = FollowersTabVC.swift; sourceTree = "<group>"; };
		892E6F7E2A6D95680062BE98 /* FollowingsTabVC.swift */ = {isa = PBXFileReference; lastKnownFileType = sourcecode.swift; path = FollowingsTabVC.swift; sourceTree = "<group>"; };
		892E6F802A6D98270062BE98 /* TabVC.swift */ = {isa = PBXFileReference; lastKnownFileType = sourcecode.swift; path = TabVC.swift; sourceTree = "<group>"; };
		8970CE4C2A65374200EF6B98 /* Model.swift */ = {isa = PBXFileReference; lastKnownFileType = sourcecode.swift; path = Model.swift; sourceTree = "<group>"; };
		8970CE4E2A65442700EF6B98 /* CustomButtonView.swift */ = {isa = PBXFileReference; lastKnownFileType = sourcecode.swift; path = CustomButtonView.swift; sourceTree = "<group>"; };
		8970CE502A656B7900EF6B98 /* Extensions.swift */ = {isa = PBXFileReference; lastKnownFileType = sourcecode.swift; path = Extensions.swift; sourceTree = "<group>"; };
		8970CE522A6580EF00EF6B98 /* UserAvatarView.swift */ = {isa = PBXFileReference; lastKnownFileType = sourcecode.swift; path = UserAvatarView.swift; sourceTree = "<group>"; };
		8970CE552A65816C00EF6B98 /* UserNameView.swift */ = {isa = PBXFileReference; lastKnownFileType = sourcecode.swift; path = UserNameView.swift; sourceTree = "<group>"; };
		8970CE572A6664A700EF6B98 /* ButtonView.swift */ = {isa = PBXFileReference; lastKnownFileType = sourcecode.swift; path = ButtonView.swift; sourceTree = "<group>"; };
		89A9EACB2A6EE53A0039C020 /* MenuBar.swift */ = {isa = PBXFileReference; lastKnownFileType = sourcecode.swift; path = MenuBar.swift; sourceTree = "<group>"; };
		89A9EACD2A6EE6F10039C020 /* HomeVC.swift */ = {isa = PBXFileReference; lastKnownFileType = sourcecode.swift; path = HomeVC.swift; sourceTree = "<group>"; };
		89FD8DD82A5B0B610005A045 /* TestProject.app */ = {isa = PBXFileReference; explicitFileType = wrapper.application; includeInIndex = 0; path = TestProject.app; sourceTree = BUILT_PRODUCTS_DIR; };
		89FD8DDB2A5B0B610005A045 /* AppDelegate.swift */ = {isa = PBXFileReference; lastKnownFileType = sourcecode.swift; path = AppDelegate.swift; sourceTree = "<group>"; };
		89FD8DDD2A5B0B610005A045 /* SceneDelegate.swift */ = {isa = PBXFileReference; lastKnownFileType = sourcecode.swift; path = SceneDelegate.swift; sourceTree = "<group>"; };
		89FD8DE42A5B0B620005A045 /* Assets.xcassets */ = {isa = PBXFileReference; lastKnownFileType = folder.assetcatalog; path = Assets.xcassets; sourceTree = "<group>"; };
		89FD8DE72A5B0B620005A045 /* Base */ = {isa = PBXFileReference; lastKnownFileType = file.storyboard; name = Base; path = Base.lproj/LaunchScreen.storyboard; sourceTree = "<group>"; };
		89FD8DE92A5B0B620005A045 /* Info.plist */ = {isa = PBXFileReference; lastKnownFileType = text.plist.xml; path = Info.plist; sourceTree = "<group>"; };
		89FD8DEF2A5B0CF40005A045 /* CollectionViewController.swift */ = {isa = PBXFileReference; lastKnownFileType = sourcecode.swift; path = CollectionViewController.swift; sourceTree = "<group>"; };
		89FD8DF12A5B192E0005A045 /* UIUserResultCollectionViewRow.swift */ = {isa = PBXFileReference; lastKnownFileType = sourcecode.swift; path = UIUserResultCollectionViewRow.swift; sourceTree = "<group>"; };
/* End PBXFileReference section */

/* Begin PBXFrameworksBuildPhase section */
		89FD8DD52A5B0B610005A045 /* Frameworks */ = {
			isa = PBXFrameworksBuildPhase;
			buildActionMask = 2147483647;
			files = (
			);
			runOnlyForDeploymentPostprocessing = 0;
		};
/* End PBXFrameworksBuildPhase section */

/* Begin PBXGroup section */
		891ECEAD2A71857400DE08EB /* Domain */ = {
			isa = PBXGroup;
			children = (
				891ECEAE2A71858900DE08EB /* FriendsRelation.swift */,
				891ECEB02A7185A300DE08EB /* UserResult.swift */,
				8970CE4C2A65374200EF6B98 /* Model.swift */,
			);
			path = Domain;
			sourceTree = "<group>";
		};
		891ECEB42A7186B300DE08EB /* Extensions */ = {
			isa = PBXGroup;
			children = (
				8970CE502A656B7900EF6B98 /* Extensions.swift */,
			);
			path = Extensions;
			sourceTree = "<group>";
		};
		892E6F7B2A6D95450062BE98 /* Controllers */ = {
			isa = PBXGroup;
			children = (
				892E6F7C2A6D955C0062BE98 /* FollowersTabVC.swift */,
				892E6F7E2A6D95680062BE98 /* FollowingsTabVC.swift */,
				892E6F802A6D98270062BE98 /* TabVC.swift */,
				89A9EACD2A6EE6F10039C020 /* HomeVC.swift */,
				891ECEB22A71864100DE08EB /* FollowingFollowerViewController.swift */,
				89FD8DEF2A5B0CF40005A045 /* CollectionViewController.swift */,
			);
			path = Controllers;
			sourceTree = "<group>";
		};
		8970CE542A65814900EF6B98 /* UIStackViews */ = {
			isa = PBXGroup;
			children = (
				8970CE522A6580EF00EF6B98 /* UserAvatarView.swift */,
				8970CE552A65816C00EF6B98 /* UserNameView.swift */,
				8970CE572A6664A700EF6B98 /* ButtonView.swift */,
				89A9EACB2A6EE53A0039C020 /* MenuBar.swift */,
				8970CE4E2A65442700EF6B98 /* CustomButtonView.swift */,
				891ECEB52A71871E00DE08EB /* SegmentedButtonView.swift */,
			);
			path = UIStackViews;
			sourceTree = "<group>";
		};
		89FD8DCF2A5B0B610005A045 = {
			isa = PBXGroup;
			children = (
				891ECEB42A7186B300DE08EB /* Extensions */,
				891ECEAD2A71857400DE08EB /* Domain */,
				892E6F7B2A6D95450062BE98 /* Controllers */,
				8970CE542A65814900EF6B98 /* UIStackViews */,
				89FD8DF12A5B192E0005A045 /* UIUserResultCollectionViewRow.swift */,
				891ECEB72A71877600DE08EB /* UserResultCollectionView.swift */,
				89FD8DDA2A5B0B610005A045 /* TestProject */,
				89FD8DD92A5B0B610005A045 /* Products */,
			);
			sourceTree = "<group>";
		};
		89FD8DD92A5B0B610005A045 /* Products */ = {
			isa = PBXGroup;
			children = (
				89FD8DD82A5B0B610005A045 /* TestProject.app */,
			);
			name = Products;
			sourceTree = "<group>";
		};
		89FD8DDA2A5B0B610005A045 /* TestProject */ = {
			isa = PBXGroup;
			children = (
				89FD8DDB2A5B0B610005A045 /* AppDelegate.swift */,
				89FD8DDD2A5B0B610005A045 /* SceneDelegate.swift */,
				89FD8DE42A5B0B620005A045 /* Assets.xcassets */,
				89FD8DE62A5B0B620005A045 /* LaunchScreen.storyboard */,
				89FD8DE92A5B0B620005A045 /* Info.plist */,
			);
			path = TestProject;
			sourceTree = "<group>";
		};
/* End PBXGroup section */

/* Begin PBXNativeTarget section */
		89FD8DD72A5B0B610005A045 /* TestProject */ = {
			isa = PBXNativeTarget;
			buildConfigurationList = 89FD8DEC2A5B0B620005A045 /* Build configuration list for PBXNativeTarget "TestProject" */;
			buildPhases = (
				89FD8DD42A5B0B610005A045 /* Sources */,
				89FD8DD52A5B0B610005A045 /* Frameworks */,
				89FD8DD62A5B0B610005A045 /* Resources */,
			);
			buildRules = (
			);
			dependencies = (
			);
			name = TestProject;
			productName = TestProject;
			productReference = 89FD8DD82A5B0B610005A045 /* TestProject.app */;
			productType = "com.apple.product-type.application";
		};
/* End PBXNativeTarget section */

/* Begin PBXProject section */
		89FD8DD02A5B0B610005A045 /* Project object */ = {
			isa = PBXProject;
			attributes = {
				BuildIndependentTargetsInParallel = 1;
				LastSwiftUpdateCheck = 1430;
				LastUpgradeCheck = 1430;
				TargetAttributes = {
					89FD8DD72A5B0B610005A045 = {
						CreatedOnToolsVersion = 14.3.1;
					};
				};
			};
			buildConfigurationList = 89FD8DD32A5B0B610005A045 /* Build configuration list for PBXProject "TestProject" */;
			compatibilityVersion = "Xcode 14.0";
			developmentRegion = en;
			hasScannedForEncodings = 0;
			knownRegions = (
				en,
				Base,
			);
			mainGroup = 89FD8DCF2A5B0B610005A045;
			productRefGroup = 89FD8DD92A5B0B610005A045 /* Products */;
			projectDirPath = "";
			projectRoot = "";
			targets = (
				89FD8DD72A5B0B610005A045 /* TestProject */,
			);
		};
/* End PBXProject section */

/* Begin PBXResourcesBuildPhase section */
		89FD8DD62A5B0B610005A045 /* Resources */ = {
			isa = PBXResourcesBuildPhase;
			buildActionMask = 2147483647;
			files = (
				89FD8DE82A5B0B620005A045 /* LaunchScreen.storyboard in Resources */,
				89FD8DE52A5B0B620005A045 /* Assets.xcassets in Resources */,
			);
			runOnlyForDeploymentPostprocessing = 0;
		};
/* End PBXResourcesBuildPhase section */

/* Begin PBXSourcesBuildPhase section */
		89FD8DD42A5B0B610005A045 /* Sources */ = {
			isa = PBXSourcesBuildPhase;
			buildActionMask = 2147483647;
			files = (
				8970CE562A65816C00EF6B98 /* UserNameView.swift in Sources */,
				8970CE532A6580EF00EF6B98 /* UserAvatarView.swift in Sources */,
				891ECEB82A71877600DE08EB /* UserResultCollectionView.swift in Sources */,
				8970CE582A6664A700EF6B98 /* ButtonView.swift in Sources */,
				8970CE4D2A65374200EF6B98 /* Model.swift in Sources */,
				89FD8DDC2A5B0B610005A045 /* AppDelegate.swift in Sources */,
				891ECEB62A71871E00DE08EB /* SegmentedButtonView.swift in Sources */,
				89FD8DDE2A5B0B610005A045 /* SceneDelegate.swift in Sources */,
				89A9EACE2A6EE6F10039C020 /* HomeVC.swift in Sources */,
				8970CE4F2A65442700EF6B98 /* CustomButtonView.swift in Sources */,
				892E6F7F2A6D95680062BE98 /* FollowingsTabVC.swift in Sources */,
				891ECEAF2A71858900DE08EB /* FriendsRelation.swift in Sources */,
				89FD8DF22A5B192E0005A045 /* UIUserResultCollectionViewRow.swift in Sources */,
				89FD8DF02A5B0CF40005A045 /* CollectionViewController.swift in Sources */,
				892E6F812A6D98270062BE98 /* TabVC.swift in Sources */,
				892E6F7D2A6D955C0062BE98 /* FollowersTabVC.swift in Sources */,
				89A9EACC2A6EE53A0039C020 /* MenuBar.swift in Sources */,
				891ECEB12A7185A300DE08EB /* UserResult.swift in Sources */,
				891ECEB32A71864100DE08EB /* FollowingFollowerViewController.swift in Sources */,
				8970CE512A656B7900EF6B98 /* Extensions.swift in Sources */,
			);
			runOnlyForDeploymentPostprocessing = 0;
		};
/* End PBXSourcesBuildPhase section */

/* Begin PBXVariantGroup section */
		89FD8DE62A5B0B620005A045 /* LaunchScreen.storyboard */ = {
			isa = PBXVariantGroup;
			children = (
				89FD8DE72A5B0B620005A045 /* Base */,
			);
			name = LaunchScreen.storyboard;
			sourceTree = "<group>";
		};
/* End PBXVariantGroup section */

/* Begin XCBuildConfiguration section */
		89FD8DEA2A5B0B620005A045 /* Debug */ = {
			isa = XCBuildConfiguration;
			buildSettings = {
				ALWAYS_SEARCH_USER_PATHS = NO;
				CLANG_ANALYZER_NONNULL = YES;
				CLANG_ANALYZER_NUMBER_OBJECT_CONVERSION = YES_AGGRESSIVE;
				CLANG_CXX_LANGUAGE_STANDARD = "gnu++20";
				CLANG_ENABLE_MODULES = YES;
				CLANG_ENABLE_OBJC_ARC = YES;
				CLANG_ENABLE_OBJC_WEAK = YES;
				CLANG_WARN_BLOCK_CAPTURE_AUTORELEASING = YES;
				CLANG_WARN_BOOL_CONVERSION = YES;
				CLANG_WARN_COMMA = YES;
				CLANG_WARN_CONSTANT_CONVERSION = YES;
				CLANG_WARN_DEPRECATED_OBJC_IMPLEMENTATIONS = YES;
				CLANG_WARN_DIRECT_OBJC_ISA_USAGE = YES_ERROR;
				CLANG_WARN_DOCUMENTATION_COMMENTS = YES;
				CLANG_WARN_EMPTY_BODY = YES;
				CLANG_WARN_ENUM_CONVERSION = YES;
				CLANG_WARN_INFINITE_RECURSION = YES;
				CLANG_WARN_INT_CONVERSION = YES;
				CLANG_WARN_NON_LITERAL_NULL_CONVERSION = YES;
				CLANG_WARN_OBJC_IMPLICIT_RETAIN_SELF = YES;
				CLANG_WARN_OBJC_LITERAL_CONVERSION = YES;
				CLANG_WARN_OBJC_ROOT_CLASS = YES_ERROR;
				CLANG_WARN_QUOTED_INCLUDE_IN_FRAMEWORK_HEADER = YES;
				CLANG_WARN_RANGE_LOOP_ANALYSIS = YES;
				CLANG_WARN_STRICT_PROTOTYPES = YES;
				CLANG_WARN_SUSPICIOUS_MOVE = YES;
				CLANG_WARN_UNGUARDED_AVAILABILITY = YES_AGGRESSIVE;
				CLANG_WARN_UNREACHABLE_CODE = YES;
				CLANG_WARN__DUPLICATE_METHOD_MATCH = YES;
				COPY_PHASE_STRIP = NO;
				DEBUG_INFORMATION_FORMAT = dwarf;
				ENABLE_STRICT_OBJC_MSGSEND = YES;
				ENABLE_TESTABILITY = YES;
				GCC_C_LANGUAGE_STANDARD = gnu11;
				GCC_DYNAMIC_NO_PIC = NO;
				GCC_NO_COMMON_BLOCKS = YES;
				GCC_OPTIMIZATION_LEVEL = 0;
				GCC_PREPROCESSOR_DEFINITIONS = (
					"DEBUG=1",
					"$(inherited)",
				);
				GCC_WARN_64_TO_32_BIT_CONVERSION = YES;
				GCC_WARN_ABOUT_RETURN_TYPE = YES_ERROR;
				GCC_WARN_UNDECLARED_SELECTOR = YES;
				GCC_WARN_UNINITIALIZED_AUTOS = YES_AGGRESSIVE;
				GCC_WARN_UNUSED_FUNCTION = YES;
				GCC_WARN_UNUSED_VARIABLE = YES;
				IPHONEOS_DEPLOYMENT_TARGET = 16.4;
				MTL_ENABLE_DEBUG_INFO = INCLUDE_SOURCE;
				MTL_FAST_MATH = YES;
				ONLY_ACTIVE_ARCH = YES;
				SDKROOT = iphoneos;
				SWIFT_ACTIVE_COMPILATION_CONDITIONS = DEBUG;
				SWIFT_OPTIMIZATION_LEVEL = "-Onone";
			};
			name = Debug;
		};
		89FD8DEB2A5B0B620005A045 /* Release */ = {
			isa = XCBuildConfiguration;
			buildSettings = {
				ALWAYS_SEARCH_USER_PATHS = NO;
				CLANG_ANALYZER_NONNULL = YES;
				CLANG_ANALYZER_NUMBER_OBJECT_CONVERSION = YES_AGGRESSIVE;
				CLANG_CXX_LANGUAGE_STANDARD = "gnu++20";
				CLANG_ENABLE_MODULES = YES;
				CLANG_ENABLE_OBJC_ARC = YES;
				CLANG_ENABLE_OBJC_WEAK = YES;
				CLANG_WARN_BLOCK_CAPTURE_AUTORELEASING = YES;
				CLANG_WARN_BOOL_CONVERSION = YES;
				CLANG_WARN_COMMA = YES;
				CLANG_WARN_CONSTANT_CONVERSION = YES;
				CLANG_WARN_DEPRECATED_OBJC_IMPLEMENTATIONS = YES;
				CLANG_WARN_DIRECT_OBJC_ISA_USAGE = YES_ERROR;
				CLANG_WARN_DOCUMENTATION_COMMENTS = YES;
				CLANG_WARN_EMPTY_BODY = YES;
				CLANG_WARN_ENUM_CONVERSION = YES;
				CLANG_WARN_INFINITE_RECURSION = YES;
				CLANG_WARN_INT_CONVERSION = YES;
				CLANG_WARN_NON_LITERAL_NULL_CONVERSION = YES;
				CLANG_WARN_OBJC_IMPLICIT_RETAIN_SELF = YES;
				CLANG_WARN_OBJC_LITERAL_CONVERSION = YES;
				CLANG_WARN_OBJC_ROOT_CLASS = YES_ERROR;
				CLANG_WARN_QUOTED_INCLUDE_IN_FRAMEWORK_HEADER = YES;
				CLANG_WARN_RANGE_LOOP_ANALYSIS = YES;
				CLANG_WARN_STRICT_PROTOTYPES = YES;
				CLANG_WARN_SUSPICIOUS_MOVE = YES;
				CLANG_WARN_UNGUARDED_AVAILABILITY = YES_AGGRESSIVE;
				CLANG_WARN_UNREACHABLE_CODE = YES;
				CLANG_WARN__DUPLICATE_METHOD_MATCH = YES;
				COPY_PHASE_STRIP = NO;
				DEBUG_INFORMATION_FORMAT = "dwarf-with-dsym";
				ENABLE_NS_ASSERTIONS = NO;
				ENABLE_STRICT_OBJC_MSGSEND = YES;
				GCC_C_LANGUAGE_STANDARD = gnu11;
				GCC_NO_COMMON_BLOCKS = YES;
				GCC_WARN_64_TO_32_BIT_CONVERSION = YES;
				GCC_WARN_ABOUT_RETURN_TYPE = YES_ERROR;
				GCC_WARN_UNDECLARED_SELECTOR = YES;
				GCC_WARN_UNINITIALIZED_AUTOS = YES_AGGRESSIVE;
				GCC_WARN_UNUSED_FUNCTION = YES;
				GCC_WARN_UNUSED_VARIABLE = YES;
				IPHONEOS_DEPLOYMENT_TARGET = 16.4;
				MTL_ENABLE_DEBUG_INFO = NO;
				MTL_FAST_MATH = YES;
				SDKROOT = iphoneos;
				SWIFT_COMPILATION_MODE = wholemodule;
				SWIFT_OPTIMIZATION_LEVEL = "-O";
				VALIDATE_PRODUCT = YES;
			};
			name = Release;
		};
		89FD8DED2A5B0B620005A045 /* Debug */ = {
			isa = XCBuildConfiguration;
			buildSettings = {
				ASSETCATALOG_COMPILER_APPICON_NAME = AppIcon;
				ASSETCATALOG_COMPILER_GLOBAL_ACCENT_COLOR_NAME = AccentColor;
				CODE_SIGN_STYLE = Automatic;
				CURRENT_PROJECT_VERSION = 1;
				GENERATE_INFOPLIST_FILE = YES;
				INFOPLIST_FILE = TestProject/Info.plist;
				INFOPLIST_KEY_UIApplicationSupportsIndirectInputEvents = YES;
				INFOPLIST_KEY_UILaunchStoryboardName = LaunchScreen;
				INFOPLIST_KEY_UISupportedInterfaceOrientations_iPad = "UIInterfaceOrientationPortrait UIInterfaceOrientationPortraitUpsideDown UIInterfaceOrientationLandscapeLeft UIInterfaceOrientationLandscapeRight";
				INFOPLIST_KEY_UISupportedInterfaceOrientations_iPhone = "UIInterfaceOrientationPortrait UIInterfaceOrientationLandscapeLeft UIInterfaceOrientationLandscapeRight";
				IPHONEOS_DEPLOYMENT_TARGET = 15.0;
				LD_RUNPATH_SEARCH_PATHS = (
					"$(inherited)",
					"@executable_path/Frameworks",
				);
				MARKETING_VERSION = 1.0;
				PRODUCT_BUNDLE_IDENTIFIER = alexkokovidis.TestProject;
				PRODUCT_NAME = "$(TARGET_NAME)";
				SWIFT_EMIT_LOC_STRINGS = YES;
				SWIFT_VERSION = 5.0;
				TARGETED_DEVICE_FAMILY = "1,2";
			};
			name = Debug;
		};
		89FD8DEE2A5B0B620005A045 /* Release */ = {
			isa = XCBuildConfiguration;
			buildSettings = {
				ASSETCATALOG_COMPILER_APPICON_NAME = AppIcon;
				ASSETCATALOG_COMPILER_GLOBAL_ACCENT_COLOR_NAME = AccentColor;
				CODE_SIGN_STYLE = Automatic;
				CURRENT_PROJECT_VERSION = 1;
				GENERATE_INFOPLIST_FILE = YES;
				INFOPLIST_FILE = TestProject/Info.plist;
				INFOPLIST_KEY_UIApplicationSupportsIndirectInputEvents = YES;
				INFOPLIST_KEY_UILaunchStoryboardName = LaunchScreen;
				INFOPLIST_KEY_UISupportedInterfaceOrientations_iPad = "UIInterfaceOrientationPortrait UIInterfaceOrientationPortraitUpsideDown UIInterfaceOrientationLandscapeLeft UIInterfaceOrientationLandscapeRight";
				INFOPLIST_KEY_UISupportedInterfaceOrientations_iPhone = "UIInterfaceOrientationPortrait UIInterfaceOrientationLandscapeLeft UIInterfaceOrientationLandscapeRight";
				IPHONEOS_DEPLOYMENT_TARGET = 15.0;
				LD_RUNPATH_SEARCH_PATHS = (
					"$(inherited)",
					"@executable_path/Frameworks",
				);
				MARKETING_VERSION = 1.0;
				PRODUCT_BUNDLE_IDENTIFIER = alexkokovidis.TestProject;
				PRODUCT_NAME = "$(TARGET_NAME)";
				SWIFT_EMIT_LOC_STRINGS = YES;
				SWIFT_VERSION = 5.0;
				TARGETED_DEVICE_FAMILY = "1,2";
			};
			name = Release;
		};
/* End XCBuildConfiguration section */

/* Begin XCConfigurationList section */
		89FD8DD32A5B0B610005A045 /* Build configuration list for PBXProject "TestProject" */ = {
			isa = XCConfigurationList;
			buildConfigurations = (
				89FD8DEA2A5B0B620005A045 /* Debug */,
				89FD8DEB2A5B0B620005A045 /* Release */,
			);
			defaultConfigurationIsVisible = 0;
			defaultConfigurationName = Release;
		};
		89FD8DEC2A5B0B620005A045 /* Build configuration list for PBXNativeTarget "TestProject" */ = {
			isa = XCConfigurationList;
			buildConfigurations = (
				89FD8DED2A5B0B620005A045 /* Debug */,
				89FD8DEE2A5B0B620005A045 /* Release */,
			);
			defaultConfigurationIsVisible = 0;
			defaultConfigurationName = Release;
		};
/* End XCConfigurationList section */
	};
	rootObject = 89FD8DD02A5B0B610005A045 /* Project object */;
}
